
Microsoft Visual Studio Solution File, Format Version 11.00
# Visual C# Express 2010
Project("{FAE04EC0-301F-11D3-BF4B-00C04F79EFBC}") = "UploaderModule", "UploaderModule\UploaderModule.csproj", "{FC7A9C7F-A4EB-4811-B387-AA236EBD5424}"
EndProject
Global
	GlobalSection(SolutionConfigurationPlatforms) = preSolution
		Debug|x86 = Debug|x86
		Release|x86 = Release|x86
	EndGlobalSection
	GlobalSection(ProjectConfigurationPlatforms) = postSolution
		{FC7A9C7F-A4EB-4811-B387-AA236EBD5424}.Debug|x86.ActiveCfg = Debug|x86
		{FC7A9C7F-A4EB-4811-B387-AA236EBD5424}.Debug|x86.Build.0 = Debug|x86
		{FC7A9C7F-A4EB-4811-B387-AA236EBD5424}.Release|x86.ActiveCfg = Release|x86
		{FC7A9C7F-A4EB-4811-B387-AA236EBD5424}.Release|x86.Build.0 = Release|x86
	EndGlobalSection
	GlobalSection(SolutionProperties) = preSolution
		HideSolutionNode = FALSE
	EndGlobalSection
EndGlobal
